﻿
Microsoft Visual Studio Solution File, Format Version 12.00
# Visual Studio Version 16
VisualStudioVersion = 16.0.31019.35
MinimumVisualStudioVersion = 10.0.40219.1
Project("{FAE04EC0-301F-11D3-BF4B-00C04F79EFBC}") = "Updater", "Updater\Updater.csproj", "{AB1C914C-6E21-4367-85CF-2E18DECB5A1C}"
EndProject
Global
	GlobalSection(SolutionConfigurationPlatforms) = preSolution
		Debug|Any CPU = Debug|Any CPU
		Release|Any CPU = Release|Any CPU
	EndGlobalSection
	GlobalSection(ProjectConfigurationPlatforms) = postSolution
		{AB1C914C-6E21-4367-85CF-2E18DECB5A1C}.Debug|Any CPU.ActiveCfg = Debug|Any CPU
		{AB1C914C-6E21-4367-85CF-2E18DECB5A1C}.Debug|Any CPU.Build.0 = Debug|Any CPU
		{AB1C914C-6E21-4367-85CF-2E18DECB5A1C}.Release|Any CPU.ActiveCfg = Release|Any CPU
		{AB1C914C-6E21-4367-85CF-2E18DECB5A1C}.Release|Any CPU.Build.0 = Release|Any CPU
	EndGlobalSection
	GlobalSection(SolutionProperties) = preSolution
		HideSolutionNode = FALSE
	EndGlobalSection
	GlobalSection(ExtensibilityGlobals) = postSolution
		SolutionGuid = {A5DEDDB9-0BF5-4DA1-B217-684FBC982259}
	EndGlobalSection
EndGlobal
